
Microsoft Visual Studio Solution File, Format Version 12.00
# Visual Studio Version 17
VisualStudioVersion = 17.7.34031.279
MinimumVisualStudioVersion = 10.0.40219.1
Project("{FAE04EC0-301F-11D3-BF4B-00C04F79EFBC}") = "Poker", "Poker\Poker.csproj", "{97CC5929-4A8F-4D9C-A743-EF4E4A3CBC38}"
EndProject
Global
	GlobalSection(SolutionConfigurationPlatforms) = preSolution
		Debug|Any CPU = Debug|Any CPU
		Release|Any CPU = Release|Any CPU
	EndGlobalSection
	GlobalSection(ProjectConfigurationPlatforms) = postSolution
		{97CC5929-4A8F-4D9C-A743-EF4E4A3CBC38}.Debug|Any CPU.ActiveCfg = Debug|Any CPU
		{97CC5929-4A8F-4D9C-A743-EF4E4A3CBC38}.Debug|Any CPU.Build.0 = Debug|Any CPU
		{97CC5929-4A8F-4D9C-A743-EF4E4A3CBC38}.Release|Any CPU.ActiveCfg = Release|Any CPU
		{97CC5929-4A8F-4D9C-A743-EF4E4A3CBC38}.Release|Any CPU.Build.0 = Release|Any CPU
	EndGlobalSection
	GlobalSection(SolutionProperties) = preSolution
		HideSolutionNode = FALSE
	EndGlobalSection
	GlobalSection(ExtensibilityGlobals) = postSolution
		SolutionGuid = {D3218B37-AE72-4CA3-970F-DA8648DE1E93}
	EndGlobalSection
EndGlobal
